
Microsoft Visual Studio Solution File, Format Version 12.00
# Visual Studio Version 17
VisualStudioVersion = 17.8.34330.188
MinimumVisualStudioVersion = 10.0.40219.1
Project("{FAE04EC0-301F-11D3-BF4B-00C04F79EFBC}") = "CircleThree", "CircleThree\CircleThree.csproj", "{1CEAAFA2-6D78-452C-8290-248CA0119EB7}"
EndProject
Global
	GlobalSection(SolutionConfigurationPlatforms) = preSolution
		Debug|Any CPU = Debug|Any CPU
		Release|Any CPU = Release|Any CPU
	EndGlobalSection
	GlobalSection(ProjectConfigurationPlatforms) = postSolution
		{1CEAAFA2-6D78-452C-8290-248CA0119EB7}.Debug|Any CPU.ActiveCfg = Debug|Any CPU
		{1CEAAFA2-6D78-452C-8290-248CA0119EB7}.Debug|Any CPU.Build.0 = Debug|Any CPU
		{1CEAAFA2-6D78-452C-8290-248CA0119EB7}.Release|Any CPU.ActiveCfg = Release|Any CPU
		{1CEAAFA2-6D78-452C-8290-248CA0119EB7}.Release|Any CPU.Build.0 = Release|Any CPU
	EndGlobalSection
	GlobalSection(SolutionProperties) = preSolution
		HideSolutionNode = FALSE
	EndGlobalSection
	GlobalSection(ExtensibilityGlobals) = postSolution
		SolutionGuid = {49D707A5-46E2-472E-9E20-A9CC45D820FB}
	EndGlobalSection
EndGlobal
